
Microsoft Visual Studio Solution File, Format Version 12.00
# Visual Studio Version 17
VisualStudioVersion = 17.4.33213.308
MinimumVisualStudioVersion = 10.0.40219.1
Project("{FAE04EC0-301F-11D3-BF4B-00C04F79EFBC}") = "FeatureHub", "FeatureHub.csproj", "{DB78689F-869E-4942-B9C8-2F2EC5971D38}"
EndProject
Global
	GlobalSection(SolutionConfigurationPlatforms) = preSolution
		Debug|Any CPU = Debug|Any CPU
		Release|Any CPU = Release|Any CPU
	EndGlobalSection
	GlobalSection(ProjectConfigurationPlatforms) = postSolution
		{DB78689F-869E-4942-B9C8-2F2EC5971D38}.Debug|Any CPU.ActiveCfg = Debug|Any CPU
		{DB78689F-869E-4942-B9C8-2F2EC5971D38}.Debug|Any CPU.Build.0 = Debug|Any CPU
		{DB78689F-869E-4942-B9C8-2F2EC5971D38}.Release|Any CPU.ActiveCfg = Release|Any CPU
		{DB78689F-869E-4942-B9C8-2F2EC5971D38}.Release|Any CPU.Build.0 = Release|Any CPU
	EndGlobalSection
	GlobalSection(SolutionProperties) = preSolution
		HideSolutionNode = FALSE
	EndGlobalSection
	GlobalSection(ExtensibilityGlobals) = postSolution
		SolutionGuid = {1FD4D362-5B4C-462E-8A04-0C3CB58D0F82}
	EndGlobalSection
EndGlobal
